// !$*UTF8*$!
{
	archiveVersion = 1;
	classes = {
	};
	objectVersion = 77;
	objects = {

/* Begin PBXContainerItemProxy section */
		501E3C972E9575CE00B79712 /* PBXContainerItemProxy */ = {
			isa = PBXContainerItemProxy;
			containerPortal = 501E3C812E9575CD00B79712 /* Project object */;
			proxyType = 1;
			remoteGlobalIDString = 501E3C882E9575CD00B79712;
			remoteInfo = piCodeTest;
		};
		501E3CA12E9575CE00B79712 /* PBXContainerItemProxy */ = {
			isa = PBXContainerItemProxy;
			containerPortal = 501E3C812E9575CD00B79712 /* Project object */;
			proxyType = 1;
			remoteGlobalIDString = 501E3C882E9575CD00B79712;
			remoteInfo = piCodeTest;
		};
/* End PBXContainerItemProxy section */

/* Begin PBXFileReference section */
		501E3C892E9575CD00B79712 /* piCodeTest.app */ = {isa = PBXFileReference; explicitFileType = wrapper.application; includeInIndex = 0; path = piCodeTest.app; sourceTree = BUILT_PRODUCTS_DIR; };
		501E3C962E9575CE00B79712 /* piCodeTestTests.xctest */ = {isa = PBXFileReference; explicitFileType = wrapper.cfbundle; includeInIndex = 0; path = piCodeTestTests.xctest; sourceTree = BUILT_PRODUCTS_DIR; };
		501E3CA02E9575CE00B79712 /* piCodeTestUITests.xctest */ = {isa = PBXFileReference; explicitFileType = wrapper.cfbundle; includeInIndex = 0; path = piCodeTestUITests.xctest; sourceTree = BUILT_PRODUCTS_DIR; };
/* End PBXFileReference section */

/* Begin PBXFileSystemSynchronizedRootGroup section */
		501E3C8B2E9575CD00B79712 /* piCodeTest */ = {
			isa = PBXFileSystemSynchronizedRootGroup;
			path = piCodeTest;
			sourceTree = "<group>";
		};
		501E3C992E9575CE00B79712 /* piCodeTestTests */ = {
			isa = PBXFileSystemSynchronizedRootGroup;
			path = piCodeTestTests;
			sourceTree = "<group>";
		};
		501E3CA32E9575CE00B79712 /* piCodeTestUITests */ = {
			isa = PBXFileSystemSynchronizedRootGroup;
			path = piCodeTestUITests;
			sourceTree = "<group>";
		};
/* End PBXFileSystemSynchronizedRootGroup section */

/* Begin PBXFrameworksBuildPhase section */
		501E3C862E9575CD00B79712 /* Frameworks */ = {
			isa = PBXFrameworksBuildPhase;
			buildActionMask = 2147483647;
			files = (
			);
			runOnlyForDeploymentPostprocessing = 0;
		};
		501E3C932E9575CE00B79712 /* Frameworks */ = {
			isa = PBXFrameworksBuildPhase;
			buildActionMask = 2147483647;
			files = (
			);
			runOnlyForDeploymentPostprocessing = 0;
		};
		501E3C9D2E9575CE00B79712 /* Frameworks */ = {
			isa = PBXFrameworksBuildPhase;
			buildActionMask = 2147483647;
			files = (
			);
			runOnlyForDeploymentPostprocessing = 0;
		};
/* End PBXFrameworksBuildPhase section */

/* Begin PBXGroup section */
		501E3C802E9575CD00B79712 = {
			isa = PBXGroup;
			children = (
				501E3C8B2E9575CD00B79712 /* piCodeTest */,
				501E3C992E9575CE00B79712 /* piCodeTestTests */,
				501E3CA32E9575CE00B79712 /* piCodeTestUITests */,
				501E3C8A2E9575CD00B79712 /* Products */,
			);
			sourceTree = "<group>";
		};
		501E3C8A2E9575CD00B79712 /* Products */ = {
			isa = PBXGroup;
			children = (
				501E3C892E9575CD00B79712 /* piCodeTest.app */,
				501E3C962E9575CE00B79712 /* piCodeTestTests.xctest */,
				501E3CA02E9575CE00B79712 /* piCodeTestUITests.xctest */,
			);
			name = Products;
			sourceTree = "<group>";
		};
/* End PBXGroup section */

/* Begin PBXNativeTarget section */
		501E3C882E9575CD00B79712 /* piCodeTest */ = {
			isa = PBXNativeTarget;
			buildConfigurationList = 501E3CAA2E9575CE00B79712 /* Build configuration list for PBXNativeTarget "piCodeTest" */;
			buildPhases = (
				501E3C852E9575CD00B79712 /* Sources */,
				501E3C862E9575CD00B79712 /* Frameworks */,
				501E3C872E9575CD00B79712 /* Resources */,
			);
			buildRules = (
			);
			dependencies = (
			);
			fileSystemSynchronizedGroups = (
				501E3C8B2E9575CD00B79712 /* piCodeTest */,
			);
			name = piCodeTest;
			packageProductDependencies = (
			);
			productName = piCodeTest;
			productReference = 501E3C892E9575CD00B79712 /* piCodeTest.app */;
			productType = "com.apple.product-type.application";
		};
		501E3C952E9575CE00B79712 /* piCodeTestTests */ = {
			isa = PBXNativeTarget;
			buildConfigurationList = 501E3CAD2E9575CE00B79712 /* Build configuration list for PBXNativeTarget "piCodeTestTests" */;
			buildPhases = (
				501E3C922E9575CE00B79712 /* Sources */,
				501E3C932E9575CE00B79712 /* Frameworks */,
				501E3C942E9575CE00B79712 /* Resources */,
			);
			buildRules = (
			);
			dependencies = (
				501E3C982E9575CE00B79712 /* PBXTargetDependency */,
			);
			fileSystemSynchronizedGroups = (
				501E3C992E9575CE00B79712 /* piCodeTestTests */,
			);
			name = piCodeTestTests;
			packageProductDependencies = (
			);
			productName = piCodeTestTests;
			productReference = 501E3C962E9575CE00B79712 /* piCodeTestTests.xctest */;
			productType = "com.apple.product-type.bundle.unit-test";
		};
		501E3C9F2E9575CE00B79712 /* piCodeTestUITests */ = {
			isa = PBXNativeTarget;
			buildConfigurationList = 501E3CB02E9575CE00B79712 /* Build configuration list for PBXNativeTarget "piCodeTestUITests" */;
			buildPhases = (
				501E3C9C2E9575CE00B79712 /* Sources */,
				501E3C9D2E9575CE00B79712 /* Frameworks */,
				501E3C9E2E9575CE00B79712 /* Resources */,
			);
			buildRules = (
			);
			dependencies = (
				501E3CA22E9575CE00B79712 /* PBXTargetDependency */,
			);
			fileSystemSynchronizedGroups = (
				501E3CA32E9575CE00B79712 /* piCodeTestUITests */,
			);
			name = piCodeTestUITests;
			packageProductDependencies = (
			);
			productName = piCodeTestUITests;
			productReference = 501E3CA02E9575CE00B79712 /* piCodeTestUITests.xctest */;
			productType = "com.apple.product-type.bundle.ui-testing";
		};
/* End PBXNativeTarget section */

/* Begin PBXProject section */
		501E3C812E9575CD00B79712 /* Project object */ = {
			isa = PBXProject;
			attributes = {
				BuildIndependentTargetsInParallel = 1;
				LastSwiftUpdateCheck = 1640;
				LastUpgradeCheck = 1640;
				TargetAttributes = {
					501E3C882E9575CD00B79712 = {
						CreatedOnToolsVersion = 16.4;
					};
					501E3C952E9575CE00B79712 = {
						CreatedOnToolsVersion = 16.4;
						TestTargetID = 501E3C882E9575CD00B79712;
					};
					501E3C9F2E9575CE00B79712 = {
						CreatedOnToolsVersion = 16.4;
						TestTargetID = 501E3C882E9575CD00B79712;
					};
				};
			};
			buildConfigurationList = 501E3C842E9575CD00B79712 /* Build configuration list for PBXProject "piCodeTest" */;
			developmentRegion = en;
			hasScannedForEncodings = 0;
			knownRegions = (
				en,
				Base,
			);
			mainGroup = 501E3C802E9575CD00B79712;
			minimizedProjectReferenceProxies = 1;
			preferredProjectObjectVersion = 77;
			productRefGroup = 501E3C8A2E9575CD00B79712 /* Products */;
			projectDirPath = "";
			projectRoot = "";
			targets = (
				501E3C882E9575CD00B79712 /* piCodeTest */,
				501E3C952E9575CE00B79712 /* piCodeTestTests */,
				501E3C9F2E9575CE00B79712 /* piCodeTestUITests */,
			);
		};
/* End PBXProject section */

/* Begin PBXResourcesBuildPhase section */
		501E3C872E9575CD00B79712 /* Resources */ = {
			isa = PBXResourcesBuildPhase;
			buildActionMask = 2147483647;
			files = (
			);
			runOnlyForDeploymentPostprocessing = 0;
		};
		501E3C942E9575CE00B79712 /* Resources */ = {
			isa = PBXResourcesBuildPhase;
			buildActionMask = 2147483647;
			files = (
			);
			runOnlyForDeploymentPostprocessing = 0;
		};
		501E3C9E2E9575CE00B79712 /* Resources */ = {
			isa = PBXResourcesBuildPhase;
			buildActionMask = 2147483647;
			files = (
			);
			runOnlyForDeploymentPostprocessing = 0;
		};
/* End PBXResourcesBuildPhase section */

/* Begin PBXSourcesBuildPhase section */
		501E3C852E9575CD00B79712 /* Sources */ = {
			isa = PBXSourcesBuildPhase;
			buildActionMask = 2147483647;
			files = (
			);
			runOnlyForDeploymentPostprocessing = 0;
		};
		501E3C922E9575CE00B79712 /* Sources */ = {
			isa = PBXSourcesBuildPhase;
			buildActionMask = 2147483647;
			files = (
			);
			runOnlyForDeploymentPostprocessing = 0;
		};
		501E3C9C2E9575CE00B79712 /* Sources */ = {
			isa = PBXSourcesBuildPhase;
			buildActionMask = 2147483647;
			files = (
			);
			runOnlyForDeploymentPostprocessing = 0;
		};
/* End PBXSourcesBuildPhase section */

/* Begin PBXTargetDependency section */
		501E3C982E9575CE00B79712 /* PBXTargetDependency */ = {
			isa = PBXTargetDependency;
			target = 501E3C882E9575CD00B79712 /* piCodeTest */;
			targetProxy = 501E3C972E9575CE00B79712 /* PBXContainerItemProxy */;
		};
		501E3CA22E9575CE00B79712 /* PBXTargetDependency */ = {
			isa = PBXTargetDependency;
			target = 501E3C882E9575CD00B79712 /* piCodeTest */;
			targetProxy = 501E3CA12E9575CE00B79712 /* PBXContainerItemProxy */;
		};
/* End PBXTargetDependency section */

/* Begin XCBuildConfiguration section */
		501E3CA82E9575CE00B79712 /* Debug */ = {
			isa = XCBuildConfiguration;
			buildSettings = {
				ALWAYS_SEARCH_USER_PATHS = NO;
				ASSETCATALOG_COMPILER_GENERATE_SWIFT_ASSET_SYMBOL_EXTENSIONS = YES;
				CLANG_ANALYZER_NONNULL = YES;
				CLANG_ANALYZER_NUMBER_OBJECT_CONVERSION = YES_AGGRESSIVE;
				CLANG_CXX_LANGUAGE_STANDARD = "gnu++20";
				CLANG_ENABLE_MODULES = YES;
				CLANG_ENABLE_OBJC_ARC = YES;
				CLANG_ENABLE_OBJC_WEAK = YES;
				CLANG_WARN_BLOCK_CAPTURE_AUTORELEASING = YES;
				CLANG_WARN_BOOL_CONVERSION = YES;
				CLANG_WARN_COMMA = YES;
				CLANG_WARN_CONSTANT_CONVERSION = YES;
				CLANG_WARN_DEPRECATED_OBJC_IMPLEMENTATIONS = YES;
				CLANG_WARN_DIRECT_OBJC_ISA_USAGE = YES_ERROR;
				CLANG_WARN_DOCUMENTATION_COMMENTS = YES;
				CLANG_WARN_EMPTY_BODY = YES;
				CLANG_WARN_ENUM_CONVERSION = YES;
				CLANG_WARN_INFINITE_RECURSION = YES;
				CLANG_WARN_INT_CONVERSION = YES;
				CLANG_WARN_NON_LITERAL_NULL_CONVERSION = YES;
				CLANG_WARN_OBJC_IMPLICIT_RETAIN_SELF = YES;
				CLANG_WARN_OBJC_LITERAL_CONVERSION = YES;
				CLANG_WARN_OBJC_ROOT_CLASS = YES_ERROR;
				CLANG_WARN_QUOTED_INCLUDE_IN_FRAMEWORK_HEADER = YES;
				CLANG_WARN_RANGE_LOOP_ANALYSIS = YES;
				CLANG_WARN_STRICT_PROTOTYPES = YES;
				CLANG_WARN_SUSPICIOUS_MOVE = YES;
				CLANG_WARN_UNGUARDED_AVAILABILITY = YES_AGGRESSIVE;
				CLANG_WARN_UNREACHABLE_CODE = YES;
				CLANG_WARN__DUPLICATE_METHOD_MATCH = YES;
				COPY_PHASE_STRIP = NO;
				DEBUG_INFORMATION_FORMAT = dwarf;
				ENABLE_STRICT_OBJC_MSGSEND = YES;
				ENABLE_TESTABILITY = YES;
				ENABLE_USER_SCRIPT_SANDBOXING = YES;
				GCC_C_LANGUAGE_STANDARD = gnu17;
				GCC_DYNAMIC_NO_PIC = NO;
				GCC_NO_COMMON_BLOCKS = YES;
				GCC_OPTIMIZATION_LEVEL = 0;
				GCC_PREPROCESSOR_DEFINITIONS = (
					"DEBUG=1",
					"$(inherited)",
				);
				GCC_WARN_64_TO_32_BIT_CONVERSION = YES;
				GCC_WARN_ABOUT_RETURN_TYPE = YES_ERROR;
				GCC_WARN_UNDECLARED_SELECTOR = YES;
				GCC_WARN_UNINITIALIZED_AUTOS = YES_AGGRESSIVE;
				GCC_WARN_UNUSED_FUNCTION = YES;
				GCC_WARN_UNUSED_VARIABLE = YES;
				IPHONEOS_DEPLOYMENT_TARGET = 18.5;
				LOCALIZATION_PREFERS_STRING_CATALOGS = YES;
				MTL_ENABLE_DEBUG_INFO = INCLUDE_SOURCE;
				MTL_FAST_MATH = YES;
				ONLY_ACTIVE_ARCH = YES;
				SDKROOT = iphoneos;
				SWIFT_ACTIVE_COMPILATION_CONDITIONS = "DEBUG $(inherited)";
				SWIFT_OPTIMIZATION_LEVEL = "-Onone";
			};
			name = Debug;
		};
		501E3CA92E9575CE00B79712 /* Release */ = {
			isa = XCBuildConfiguration;
			buildSettings = {
				ALWAYS_SEARCH_USER_PATHS = NO;
				ASSETCATALOG_COMPILER_GENERATE_SWIFT_ASSET_SYMBOL_EXTENSIONS = YES;
				CLANG_ANALYZER_NONNULL = YES;
				CLANG_ANALYZER_NUMBER_OBJECT_CONVERSION = YES_AGGRESSIVE;
				CLANG_CXX_LANGUAGE_STANDARD = "gnu++20";
				CLANG_ENABLE_MODULES = YES;
				CLANG_ENABLE_OBJC_ARC = YES;
				CLANG_ENABLE_OBJC_WEAK = YES;
				CLANG_WARN_BLOCK_CAPTURE_AUTORELEASING = YES;
				CLANG_WARN_BOOL_CONVERSION = YES;
				CLANG_WARN_COMMA = YES;
				CLANG_WARN_CONSTANT_CONVERSION = YES;
				CLANG_WARN_DEPRECATED_OBJC_IMPLEMENTATIONS = YES;
				CLANG_WARN_DIRECT_OBJC_ISA_USAGE = YES_ERROR;
				CLANG_WARN_DOCUMENTATION_COMMENTS = YES;
				CLANG_WARN_EMPTY_BODY = YES;
				CLANG_WARN_ENUM_CONVERSION = YES;
				CLANG_WARN_INFINITE_RECURSION = YES;
				CLANG_WARN_INT_CONVERSION = YES;
				CLANG_WARN_NON_LITERAL_NULL_CONVERSION = YES;
				CLANG_WARN_OBJC_IMPLICIT_RETAIN_SELF = YES;
				CLANG_WARN_OBJC_LITERAL_CONVERSION = YES;
				CLANG_WARN_OBJC_ROOT_CLASS = YES_ERROR;
				CLANG_WARN_QUOTED_INCLUDE_IN_FRAMEWORK_HEADER = YES;
				CLANG_WARN_RANGE_LOOP_ANALYSIS = YES;
				CLANG_WARN_STRICT_PROTOTYPES = YES;
				CLANG_WARN_SUSPICIOUS_MOVE = YES;
				CLANG_WARN_UNGUARDED_AVAILABILITY = YES_AGGRESSIVE;
				CLANG_WARN_UNREACHABLE_CODE = YES;
				CLANG_WARN__DUPLICATE_METHOD_MATCH = YES;
				COPY_PHASE_STRIP = NO;
				DEBUG_INFORMATION_FORMAT = "dwarf-with-dsym";
				ENABLE_NS_ASSERTIONS = NO;
				ENABLE_STRICT_OBJC_MSGSEND = YES;
				ENABLE_USER_SCRIPT_SANDBOXING = YES;
				GCC_C_LANGUAGE_STANDARD = gnu17;
				GCC_NO_COMMON_BLOCKS = YES;
				GCC_WARN_64_TO_32_BIT_CONVERSION = YES;
				GCC_WARN_ABOUT_RETURN_TYPE = YES_ERROR;
				GCC_WARN_UNDECLARED_SELECTOR = YES;
				GCC_WARN_UNINITIALIZED_AUTOS = YES_AGGRESSIVE;
				GCC_WARN_UNUSED_FUNCTION = YES;
				GCC_WARN_UNUSED_VARIABLE = YES;
				IPHONEOS_DEPLOYMENT_TARGET = 18.5;
				LOCALIZATION_PREFERS_STRING_CATALOGS = YES;
				MTL_ENABLE_DEBUG_INFO = NO;
				MTL_FAST_MATH = YES;
				SDKROOT = iphoneos;
				SWIFT_COMPILATION_MODE = wholemodule;
				VALIDATE_PRODUCT = YES;
			};
			name = Release;
		};
		501E3CAB2E9575CE00B79712 /* Debug */ = {
			isa = XCBuildConfiguration;
			buildSettings = {
				ASSETCATALOG_COMPILER_APPICON_NAME = AppIcon;
				ASSETCATALOG_COMPILER_GLOBAL_ACCENT_COLOR_NAME = AccentColor;
				CODE_SIGN_STYLE = Automatic;
				CURRENT_PROJECT_VERSION = 1;
				ENABLE_PREVIEWS = YES;
				GENERATE_INFOPLIST_FILE = YES;
				INFOPLIST_KEY_UIApplicationSceneManifest_Generation = YES;
				INFOPLIST_KEY_UIApplicationSupportsIndirectInputEvents = YES;
				INFOPLIST_KEY_UILaunchScreen_Generation = YES;
				INFOPLIST_KEY_UISupportedInterfaceOrientations_iPad = "UIInterfaceOrientationPortrait UIInterfaceOrientationPortraitUpsideDown UIInterfaceOrientationLandscapeLeft UIInterfaceOrientationLandscapeRight";
				INFOPLIST_KEY_UISupportedInterfaceOrientations_iPhone = "UIInterfaceOrientationPortrait UIInterfaceOrientationLandscapeLeft UIInterfaceOrientationLandscapeRight";
				LD_RUNPATH_SEARCH_PATHS = (
					"$(inherited)",
					"@executable_path/Frameworks",
				);
				MARKETING_VERSION = 1.0;
				PRODUCT_BUNDLE_IDENTIFIER = "com.my-jumpTestNasir.piCodeTest";
				PRODUCT_NAME = "$(TARGET_NAME)";
				SWIFT_EMIT_LOC_STRINGS = YES;
				SWIFT_VERSION = 5.0;
				TARGETED_DEVICE_FAMILY = "1,2";
			};
			name = Debug;
		};
		501E3CAC2E9575CE00B79712 /* Release */ = {
			isa = XCBuildConfiguration;
			buildSettings = {
				ASSETCATALOG_COMPILER_APPICON_NAME = AppIcon;
				ASSETCATALOG_COMPILER_GLOBAL_ACCENT_COLOR_NAME = AccentColor;
				CODE_SIGN_STYLE = Automatic;
				CURRENT_PROJECT_VERSION = 1;
				ENABLE_PREVIEWS = YES;
				GENERATE_INFOPLIST_FILE = YES;
				INFOPLIST_KEY_UIApplicationSceneManifest_Generation = YES;
				INFOPLIST_KEY_UIApplicationSupportsIndirectInputEvents = YES;
				INFOPLIST_KEY_UILaunchScreen_Generation = YES;
				INFOPLIST_KEY_UISupportedInterfaceOrientations_iPad = "UIInterfaceOrientationPortrait UIInterfaceOrientationPortraitUpsideDown UIInterfaceOrientationLandscapeLeft UIInterfaceOrientationLandscapeRight";
				INFOPLIST_KEY_UISupportedInterfaceOrientations_iPhone = "UIInterfaceOrientationPortrait UIInterfaceOrientationLandscapeLeft UIInterfaceOrientationLandscapeRight";
				LD_RUNPATH_SEARCH_PATHS = (
					"$(inherited)",
					"@executable_path/Frameworks",
				);
				MARKETING_VERSION = 1.0;
				PRODUCT_BUNDLE_IDENTIFIER = "com.my-jumpTestNasir.piCodeTest";
				PRODUCT_NAME = "$(TARGET_NAME)";
				SWIFT_EMIT_LOC_STRINGS = YES;
				SWIFT_VERSION = 5.0;
				TARGETED_DEVICE_FAMILY = "1,2";
			};
			name = Release;
		};
		501E3CAE2E9575CE00B79712 /* Debug */ = {
			isa = XCBuildConfiguration;
			buildSettings = {
				BUNDLE_LOADER = "$(TEST_HOST)";
				CODE_SIGN_STYLE = Automatic;
				CURRENT_PROJECT_VERSION = 1;
				GENERATE_INFOPLIST_FILE = YES;
				IPHONEOS_DEPLOYMENT_TARGET = 18.5;
				MARKETING_VERSION = 1.0;
				PRODUCT_BUNDLE_IDENTIFIER = "com.my-jumpTestNasir.piCodeTestTests";
				PRODUCT_NAME = "$(TARGET_NAME)";
				SWIFT_EMIT_LOC_STRINGS = NO;
				SWIFT_VERSION = 5.0;
				TARGETED_DEVICE_FAMILY = "1,2";
				TEST_HOST = "$(BUILT_PRODUCTS_DIR)/piCodeTest.app/$(BUNDLE_EXECUTABLE_FOLDER_PATH)/piCodeTest";
			};
			name = Debug;
		};
		501E3CAF2E9575CE00B79712 /* Release */ = {
			isa = XCBuildConfiguration;
			buildSettings = {
				BUNDLE_LOADER = "$(TEST_HOST)";
				CODE_SIGN_STYLE = Automatic;
				CURRENT_PROJECT_VERSION = 1;
				GENERATE_INFOPLIST_FILE = YES;
				IPHONEOS_DEPLOYMENT_TARGET = 18.5;
				MARKETING_VERSION = 1.0;
				PRODUCT_BUNDLE_IDENTIFIER = "com.my-jumpTestNasir.piCodeTestTests";
				PRODUCT_NAME = "$(TARGET_NAME)";
				SWIFT_EMIT_LOC_STRINGS = NO;
				SWIFT_VERSION = 5.0;
				TARGETED_DEVICE_FAMILY = "1,2";
				TEST_HOST = "$(BUILT_PRODUCTS_DIR)/piCodeTest.app/$(BUNDLE_EXECUTABLE_FOLDER_PATH)/piCodeTest";
			};
			name = Release;
		};
		501E3CB12E9575CE00B79712 /* Debug */ = {
			isa = XCBuildConfiguration;
			buildSettings = {
				CODE_SIGN_STYLE = Automatic;
				CURRENT_PROJECT_VERSION = 1;
				GENERATE_INFOPLIST_FILE = YES;
				MARKETING_VERSION = 1.0;
				PRODUCT_BUNDLE_IDENTIFIER = "com.my-jumpTestNasir.piCodeTestUITests";
				PRODUCT_NAME = "$(TARGET_NAME)";
				SWIFT_EMIT_LOC_STRINGS = NO;
				SWIFT_VERSION = 5.0;
				TARGETED_DEVICE_FAMILY = "1,2";
				TEST_TARGET_NAME = piCodeTest;
			};
			name = Debug;
		};
		501E3CB22E9575CE00B79712 /* Release */ = {
			isa = XCBuildConfiguration;
			buildSettings = {
				CODE_SIGN_STYLE = Automatic;
				CURRENT_PROJECT_VERSION = 1;
				GENERATE_INFOPLIST_FILE = YES;
				MARKETING_VERSION = 1.0;
				PRODUCT_BUNDLE_IDENTIFIER = "com.my-jumpTestNasir.piCodeTestUITests";
				PRODUCT_NAME = "$(TARGET_NAME)";
				SWIFT_EMIT_LOC_STRINGS = NO;
				SWIFT_VERSION = 5.0;
				TARGETED_DEVICE_FAMILY = "1,2";
				TEST_TARGET_NAME = piCodeTest;
			};
			name = Release;
		};
/* End XCBuildConfiguration section */

/* Begin XCConfigurationList section */
		501E3C842E9575CD00B79712 /* Build configuration list for PBXProject "piCodeTest" */ = {
			isa = XCConfigurationList;
			buildConfigurations = (
				501E3CA82E9575CE00B79712 /* Debug */,
				501E3CA92E9575CE00B79712 /* Release */,
			);
			defaultConfigurationIsVisible = 0;
			defaultConfigurationName = Release;
		};
		501E3CAA2E9575CE00B79712 /* Build configuration list for PBXNativeTarget "piCodeTest" */ = {
			isa = XCConfigurationList;
			buildConfigurations = (
				501E3CAB2E9575CE00B79712 /* Debug */,
				501E3CAC2E9575CE00B79712 /* Release */,
			);
			defaultConfigurationIsVisible = 0;
			defaultConfigurationName = Release;
		};
		501E3CAD2E9575CE00B79712 /* Build configuration list for PBXNativeTarget "piCodeTestTests" */ = {
			isa = XCConfigurationList;
			buildConfigurations = (
				501E3CAE2E9575CE00B79712 /* Debug */,
				501E3CAF2E9575CE00B79712 /* Release */,
			);
			defaultConfigurationIsVisible = 0;
			defaultConfigurationName = Release;
		};
		501E3CB02E9575CE00B79712 /* Build configuration list for PBXNativeTarget "piCodeTestUITests" */ = {
			isa = XCConfigurationList;
			buildConfigurations = (
				501E3CB12E9575CE00B79712 /* Debug */,
				501E3CB22E9575CE00B79712 /* Release */,
			);
			defaultConfigurationIsVisible = 0;
			defaultConfigurationName = Release;
		};
/* End XCConfigurationList section */
	};
	rootObject = 501E3C812E9575CD00B79712 /* Project object */;
}
